
Microsoft Visual Studio Solution File, Format Version 12.00
# Visual Studio Version 16
VisualStudioVersion = 25.0.1700.0
MinimumVisualStudioVersion = 10.0.40219.1
Project("{FAE04EC0-301F-11D3-BF4B-00C04F79EFBC}") = "LogViewer", "LogViewer.csproj", "{068E4189-0259-4D81-A40D-E12205A2E247}"
EndProject
Global
	GlobalSection(SolutionConfigurationPlatforms) = preSolution
		Debug|Any CPU = Debug|Any CPU
		Release|Any CPU = Release|Any CPU
	EndGlobalSection
	GlobalSection(ProjectConfigurationPlatforms) = postSolution
		{068E4189-0259-4D81-A40D-E12205A2E247}.Debug|Any CPU.ActiveCfg = Debug|Any CPU
		{068E4189-0259-4D81-A40D-E12205A2E247}.Debug|Any CPU.Build.0 = Debug|Any CPU
		{068E4189-0259-4D81-A40D-E12205A2E247}.Release|Any CPU.ActiveCfg = Release|Any CPU
		{068E4189-0259-4D81-A40D-E12205A2E247}.Release|Any CPU.Build.0 = Release|Any CPU
	EndGlobalSection
	GlobalSection(SolutionProperties) = preSolution
		HideSolutionNode = FALSE
	EndGlobalSection
	GlobalSection(ExtensibilityGlobals) = postSolution
		SolutionGuid = {4CCAD469-C758-4D99-91FE-BB8B5E4B4BD3}
	EndGlobalSection
EndGlobal
